# This file is autogenerated, do not edit; changes may be undone by the next 'dep ensure'.


[[projects]]
  name = "github.com/julienschmidt/httprouter"
  packages = ["."]
  revision = "8c199fb6259ffc1af525cc3ad52ee60ba8359669"
  version = "v1.1"

[[projects]]
  name = "github.com/newrelic/go-agent"
  packages = [".","internal","internal/cat","internal/jsonx","internal/logger","internal/sysinfo","internal/utilization"]
  revision = "f5bce3387232559bcbe6a5f8227c4bf508dac1ba"
  version = "v1.11.0"

[solve-meta]
  analyzer-name = "dep"
  analyzer-version = 1
  inputs-digest = "fe05ba85fd94d2ee9c479f0b117fb0bc129e6153d48d1bfde162a3aa33020f36"
  solver-name = "gps-cdcl"
  solver-version = 1
